{
  "originHash" : "44515a6ece5ffd7cbc13853af1613ec3b039781af46916f4e2d0bddda999556a",
  "pins" : [
    {
      "identity" : "clevertap-ios-sdk",
      "kind" : "remoteSourceControl",
      "location" : "https://github.com/CleverTap/clevertap-ios-sdk",
      "state" : {
        "revision" : "02681f877972e5fc0eb35ac6a6a240b805a52fd1",
        "version" : "7.6.0"
      }
    }
  ],
  "version" : 3
}
